
Microsoft Visual Studio Solution File, Format Version 12.00
# Visual Studio Version 16
VisualStudioVersion = 16.0.33130.400
MinimumVisualStudioVersion = 10.0.40219.1
Project("{FAE04EC0-301F-11D3-BF4B-00C04F79EFBC}") = "MessengerDialogMessagesWPF", "MessengerDialogMessagesWPF\MessengerDialogMessagesWPF.csproj", "{196ECFB2-491E-44A2-97B7-D5E7C4A59C05}"
EndProject
Project("{FAE04EC0-301F-11D3-BF4B-00C04F79EFBC}") = "ClinicChatAggregatorCommon", "ClinicChatAggregatorCommon\ClinicChatAggregatorCommon.csproj", "{2098E7B9-4B5F-4622-8B18-4BCF4754CE77}"
EndProject
Global
	GlobalSection(SolutionConfigurationPlatforms) = preSolution
		Debug|Any CPU = Debug|Any CPU
		Release|Any CPU = Release|Any CPU
	EndGlobalSection
	GlobalSection(ProjectConfigurationPlatforms) = postSolution
		{196ECFB2-491E-44A2-97B7-D5E7C4A59C05}.Debug|Any CPU.ActiveCfg = Debug|Any CPU
		{196ECFB2-491E-44A2-97B7-D5E7C4A59C05}.Debug|Any CPU.Build.0 = Debug|Any CPU
		{196ECFB2-491E-44A2-97B7-D5E7C4A59C05}.Release|Any CPU.ActiveCfg = Release|Any CPU
		{196ECFB2-491E-44A2-97B7-D5E7C4A59C05}.Release|Any CPU.Build.0 = Release|Any CPU
		{2098E7B9-4B5F-4622-8B18-4BCF4754CE77}.Debug|Any CPU.ActiveCfg = Debug|Any CPU
		{2098E7B9-4B5F-4622-8B18-4BCF4754CE77}.Debug|Any CPU.Build.0 = Debug|Any CPU
		{2098E7B9-4B5F-4622-8B18-4BCF4754CE77}.Release|Any CPU.ActiveCfg = Release|Any CPU
		{2098E7B9-4B5F-4622-8B18-4BCF4754CE77}.Release|Any CPU.Build.0 = Release|Any CPU
	EndGlobalSection
	GlobalSection(SolutionProperties) = preSolution
		HideSolutionNode = FALSE
	EndGlobalSection
	GlobalSection(ExtensibilityGlobals) = postSolution
		SolutionGuid = {11E1F304-82C0-422C-8AF3-6075EAAC452E}
	EndGlobalSection
EndGlobal
